
Microsoft Visual Studio Solution File, Format Version 12.00
# Visual Studio Version 16
VisualStudioVersion = 25.0.1703.7
MinimumVisualStudioVersion = 10.0.40219.1
Project("{FAE04EC0-301F-11D3-BF4B-00C04F79EFBC}") = "2.3", "2.3\2.3.csproj", "{0BB8DA2F-0F3E-4EF7-89C8-5C72094F9A09}"
EndProject
Global
	GlobalSection(SolutionConfigurationPlatforms) = preSolution
		Debug|Any CPU = Debug|Any CPU
		Release|Any CPU = Release|Any CPU
	EndGlobalSection
	GlobalSection(ProjectConfigurationPlatforms) = postSolution
		{0BB8DA2F-0F3E-4EF7-89C8-5C72094F9A09}.Debug|Any CPU.ActiveCfg = Debug|Any CPU
		{0BB8DA2F-0F3E-4EF7-89C8-5C72094F9A09}.Debug|Any CPU.Build.0 = Debug|Any CPU
		{0BB8DA2F-0F3E-4EF7-89C8-5C72094F9A09}.Release|Any CPU.ActiveCfg = Release|Any CPU
		{0BB8DA2F-0F3E-4EF7-89C8-5C72094F9A09}.Release|Any CPU.Build.0 = Release|Any CPU
	EndGlobalSection
	GlobalSection(SolutionProperties) = preSolution
		HideSolutionNode = FALSE
	EndGlobalSection
	GlobalSection(ExtensibilityGlobals) = postSolution
		SolutionGuid = {FE21955D-AEA1-4178-9C0C-5AACF7E29476}
	EndGlobalSection
EndGlobal
